// !$*UTF8*$!
{
	archiveVersion = 1;
	classes = {
	};
	objectVersion = 55;
	objects = {

/* Begin PBXBuildFile section */
		18F3110F27BCF07100335590 /* AppNetworkImage.swift in Sources */ = {isa = PBXBuildFile; fileRef = 18F3110E27BCF07100335590 /* AppNetworkImage.swift */; };
		18F3111127BD130300335590 /* LoginScreen.swift in Sources */ = {isa = PBXBuildFile; fileRef = 18F3111027BD130300335590 /* LoginScreen.swift */; };
		F443AB2627B93AF000762E38 /* userListItem.swift in Sources */ = {isa = PBXBuildFile; fileRef = F443AB2527B93AF000762E38 /* userListItem.swift */; };
		F443AB2927B93BBD00762E38 /* userlist.json in Resources */ = {isa = PBXBuildFile; fileRef = F443AB2827B93BBD00762E38 /* userlist.json */; };
		F443AB3627B93CFF00762E38 /* CodableBundleExtension.swift in Sources */ = {isa = PBXBuildFile; fileRef = F443AB3527B93CFF00762E38 /* CodableBundleExtension.swift */; };
		F443AB3827B93D5A00762E38 /* UserListModal.swift in Sources */ = {isa = PBXBuildFile; fileRef = F443AB3727B93D5A00762E38 /* UserListModal.swift */; };
		F443AB3A27B94A4E00762E38 /* Userinfo.swift in Sources */ = {isa = PBXBuildFile; fileRef = F443AB3927B94A4E00762E38 /* Userinfo.swift */; };
		F4CE8FE827B93598007BCF37 /* reqres_swiftuiApp.swift in Sources */ = {isa = PBXBuildFile; fileRef = F4CE8FE727B93598007BCF37 /* reqres_swiftuiApp.swift */; };
		F4CE8FEA27B93598007BCF37 /* ContentView.swift in Sources */ = {isa = PBXBuildFile; fileRef = F4CE8FE927B93598007BCF37 /* ContentView.swift */; };
		F4CE8FEC27B9359A007BCF37 /* Assets.xcassets in Resources */ = {isa = PBXBuildFile; fileRef = F4CE8FEB27B9359A007BCF37 /* Assets.xcassets */; };
		F4CE8FEF27B9359A007BCF37 /* Preview Assets.xcassets in Resources */ = {isa = PBXBuildFile; fileRef = F4CE8FEE27B9359A007BCF37 /* Preview Assets.xcassets */; };
		F4CE8FF827B935CD007BCF37 /* HomeScreen.swift in Sources */ = {isa = PBXBuildFile; fileRef = F4CE8FF727B935CD007BCF37 /* HomeScreen.swift */; };
/* End PBXBuildFile section */

/* Begin PBXFileReference section */
		18F3110E27BCF07100335590 /* AppNetworkImage.swift */ = {isa = PBXFileReference; lastKnownFileType = sourcecode.swift; path = AppNetworkImage.swift; sourceTree = "<group>"; };
		18F3111027BD130300335590 /* LoginScreen.swift */ = {isa = PBXFileReference; lastKnownFileType = sourcecode.swift; path = LoginScreen.swift; sourceTree = "<group>"; };
		F443AB2527B93AF000762E38 /* userListItem.swift */ = {isa = PBXFileReference; lastKnownFileType = sourcecode.swift; path = userListItem.swift; sourceTree = "<group>"; };
		F443AB2827B93BBD00762E38 /* userlist.json */ = {isa = PBXFileReference; fileEncoding = 4; lastKnownFileType = text.json; path = userlist.json; sourceTree = "<group>"; };
		F443AB3527B93CFF00762E38 /* CodableBundleExtension.swift */ = {isa = PBXFileReference; lastKnownFileType = sourcecode.swift; path = CodableBundleExtension.swift; sourceTree = "<group>"; };
		F443AB3727B93D5A00762E38 /* UserListModal.swift */ = {isa = PBXFileReference; lastKnownFileType = sourcecode.swift; path = UserListModal.swift; sourceTree = "<group>"; };
		F443AB3927B94A4E00762E38 /* Userinfo.swift */ = {isa = PBXFileReference; lastKnownFileType = sourcecode.swift; path = Userinfo.swift; sourceTree = "<group>"; };
		F4CE8FE427B93598007BCF37 /* reqres_swiftui.app */ = {isa = PBXFileReference; explicitFileType = wrapper.application; includeInIndex = 0; path = reqres_swiftui.app; sourceTree = BUILT_PRODUCTS_DIR; };
		F4CE8FE727B93598007BCF37 /* reqres_swiftuiApp.swift */ = {isa = PBXFileReference; lastKnownFileType = sourcecode.swift; path = reqres_swiftuiApp.swift; sourceTree = "<group>"; };
		F4CE8FE927B93598007BCF37 /* ContentView.swift */ = {isa = PBXFileReference; lastKnownFileType = sourcecode.swift; path = ContentView.swift; sourceTree = "<group>"; };
		F4CE8FEB27B9359A007BCF37 /* Assets.xcassets */ = {isa = PBXFileReference; lastKnownFileType = folder.assetcatalog; path = Assets.xcassets; sourceTree = "<group>"; };
		F4CE8FEE27B9359A007BCF37 /* Preview Assets.xcassets */ = {isa = PBXFileReference; lastKnownFileType = folder.assetcatalog; path = "Preview Assets.xcassets"; sourceTree = "<group>"; };
		F4CE8FF727B935CD007BCF37 /* HomeScreen.swift */ = {isa = PBXFileReference; lastKnownFileType = sourcecode.swift; path = HomeScreen.swift; sourceTree = "<group>"; };
/* End PBXFileReference section */

/* Begin PBXFrameworksBuildPhase section */
		F4CE8FE127B93598007BCF37 /* Frameworks */ = {
			isa = PBXFrameworksBuildPhase;
			buildActionMask = 2147483647;
			files = (
			);
			runOnlyForDeploymentPostprocessing = 0;
		};
/* End PBXFrameworksBuildPhase section */

/* Begin PBXGroup section */
		F443AB2727B93BB200762E38 /* Data */ = {
			isa = PBXGroup;
			children = (
				F443AB2827B93BBD00762E38 /* userlist.json */,
				F443AB3727B93D5A00762E38 /* UserListModal.swift */,
			);
			path = Data;
			sourceTree = "<group>";
		};
		F443AB3427B93CF300762E38 /* Helper */ = {
			isa = PBXGroup;
			children = (
				F443AB3527B93CFF00762E38 /* CodableBundleExtension.swift */,
			);
			path = Helper;
			sourceTree = "<group>";
		};
		F4CE8FDB27B93598007BCF37 = {
			isa = PBXGroup;
			children = (
				F4CE8FE627B93598007BCF37 /* reqres_swiftui */,
				F4CE8FE527B93598007BCF37 /* Products */,
			);
			sourceTree = "<group>";
		};
		F4CE8FE527B93598007BCF37 /* Products */ = {
			isa = PBXGroup;
			children = (
				F4CE8FE427B93598007BCF37 /* reqres_swiftui.app */,
			);
			name = Products;
			sourceTree = "<group>";
		};
		F4CE8FE627B93598007BCF37 /* reqres_swiftui */ = {
			isa = PBXGroup;
			children = (
				F443AB3427B93CF300762E38 /* Helper */,
				F443AB2727B93BB200762E38 /* Data */,
				F4CE8FF627B935B7007BCF37 /* Views */,
				F4CE8FF527B935A8007BCF37 /* Screens */,
				F4CE8FE727B93598007BCF37 /* reqres_swiftuiApp.swift */,
				F4CE8FE927B93598007BCF37 /* ContentView.swift */,
				F4CE8FEB27B9359A007BCF37 /* Assets.xcassets */,
				F4CE8FED27B9359A007BCF37 /* Preview Content */,
			);
			path = reqres_swiftui;
			sourceTree = "<group>";
		};
		F4CE8FED27B9359A007BCF37 /* Preview Content */ = {
			isa = PBXGroup;
			children = (
				F4CE8FEE27B9359A007BCF37 /* Preview Assets.xcassets */,
			);
			path = "Preview Content";
			sourceTree = "<group>";
		};
		F4CE8FF527B935A8007BCF37 /* Screens */ = {
			isa = PBXGroup;
			children = (
				F4CE8FF727B935CD007BCF37 /* HomeScreen.swift */,
				F443AB3927B94A4E00762E38 /* Userinfo.swift */,
				18F3111027BD130300335590 /* LoginScreen.swift */,
			);
			path = Screens;
			sourceTree = "<group>";
		};
		F4CE8FF627B935B7007BCF37 /* Views */ = {
			isa = PBXGroup;
			children = (
				F443AB2527B93AF000762E38 /* userListItem.swift */,
				18F3110E27BCF07100335590 /* AppNetworkImage.swift */,
			);
			path = Views;
			sourceTree = "<group>";
		};
/* End PBXGroup section */

/* Begin PBXNativeTarget section */
		F4CE8FE327B93598007BCF37 /* reqres_swiftui */ = {
			isa = PBXNativeTarget;
			buildConfigurationList = F4CE8FF227B9359A007BCF37 /* Build configuration list for PBXNativeTarget "reqres_swiftui" */;
			buildPhases = (
				F4CE8FE027B93598007BCF37 /* Sources */,
				F4CE8FE127B93598007BCF37 /* Frameworks */,
				F4CE8FE227B93598007BCF37 /* Resources */,
			);
			buildRules = (
			);
			dependencies = (
			);
			name = reqres_swiftui;
			productName = reqres_swiftui;
			productReference = F4CE8FE427B93598007BCF37 /* reqres_swiftui.app */;
			productType = "com.apple.product-type.application";
		};
/* End PBXNativeTarget section */

/* Begin PBXProject section */
		F4CE8FDC27B93598007BCF37 /* Project object */ = {
			isa = PBXProject;
			attributes = {
				BuildIndependentTargetsInParallel = 1;
				LastSwiftUpdateCheck = 1320;
				LastUpgradeCheck = 1320;
				TargetAttributes = {
					F4CE8FE327B93598007BCF37 = {
						CreatedOnToolsVersion = 13.2.1;
					};
				};
			};
			buildConfigurationList = F4CE8FDF27B93598007BCF37 /* Build configuration list for PBXProject "reqres_swiftui" */;
			compatibilityVersion = "Xcode 13.0";
			developmentRegion = en;
			hasScannedForEncodings = 0;
			knownRegions = (
				en,
				Base,
			);
			mainGroup = F4CE8FDB27B93598007BCF37;
			productRefGroup = F4CE8FE527B93598007BCF37 /* Products */;
			projectDirPath = "";
			projectRoot = "";
			targets = (
				F4CE8FE327B93598007BCF37 /* reqres_swiftui */,
			);
		};
/* End PBXProject section */

/* Begin PBXResourcesBuildPhase section */
		F4CE8FE227B93598007BCF37 /* Resources */ = {
			isa = PBXResourcesBuildPhase;
			buildActionMask = 2147483647;
			files = (
				F443AB2927B93BBD00762E38 /* userlist.json in Resources */,
				F4CE8FEF27B9359A007BCF37 /* Preview Assets.xcassets in Resources */,
				F4CE8FEC27B9359A007BCF37 /* Assets.xcassets in Resources */,
			);
			runOnlyForDeploymentPostprocessing = 0;
		};
/* End PBXResourcesBuildPhase section */

/* Begin PBXSourcesBuildPhase section */
		F4CE8FE027B93598007BCF37 /* Sources */ = {
			isa = PBXSourcesBuildPhase;
			buildActionMask = 2147483647;
			files = (
				F443AB3627B93CFF00762E38 /* CodableBundleExtension.swift in Sources */,
				F4CE8FEA27B93598007BCF37 /* ContentView.swift in Sources */,
				18F3111127BD130300335590 /* LoginScreen.swift in Sources */,
				F443AB3827B93D5A00762E38 /* UserListModal.swift in Sources */,
				F4CE8FE827B93598007BCF37 /* reqres_swiftuiApp.swift in Sources */,
				F4CE8FF827B935CD007BCF37 /* HomeScreen.swift in Sources */,
				F443AB2627B93AF000762E38 /* userListItem.swift in Sources */,
				18F3110F27BCF07100335590 /* AppNetworkImage.swift in Sources */,
				F443AB3A27B94A4E00762E38 /* Userinfo.swift in Sources */,
			);
			runOnlyForDeploymentPostprocessing = 0;
		};
/* End PBXSourcesBuildPhase section */

/* Begin XCBuildConfiguration section */
		F4CE8FF027B9359A007BCF37 /* Debug */ = {
			isa = XCBuildConfiguration;
			buildSettings = {
				ALWAYS_SEARCH_USER_PATHS = NO;
				CLANG_ANALYZER_NONNULL = YES;
				CLANG_ANALYZER_NUMBER_OBJECT_CONVERSION = YES_AGGRESSIVE;
				CLANG_CXX_LANGUAGE_STANDARD = "gnu++17";
				CLANG_CXX_LIBRARY = "libc++";
				CLANG_ENABLE_MODULES = YES;
				CLANG_ENABLE_OBJC_ARC = YES;
				CLANG_ENABLE_OBJC_WEAK = YES;
				CLANG_WARN_BLOCK_CAPTURE_AUTORELEASING = YES;
				CLANG_WARN_BOOL_CONVERSION = YES;
				CLANG_WARN_COMMA = YES;
				CLANG_WARN_CONSTANT_CONVERSION = YES;
				CLANG_WARN_DEPRECATED_OBJC_IMPLEMENTATIONS = YES;
				CLANG_WARN_DIRECT_OBJC_ISA_USAGE = YES_ERROR;
				CLANG_WARN_DOCUMENTATION_COMMENTS = YES;
				CLANG_WARN_EMPTY_BODY = YES;
				CLANG_WARN_ENUM_CONVERSION = YES;
				CLANG_WARN_INFINITE_RECURSION = YES;
				CLANG_WARN_INT_CONVERSION = YES;
				CLANG_WARN_NON_LITERAL_NULL_CONVERSION = YES;
				CLANG_WARN_OBJC_IMPLICIT_RETAIN_SELF = YES;
				CLANG_WARN_OBJC_LITERAL_CONVERSION = YES;
				CLANG_WARN_OBJC_ROOT_CLASS = YES_ERROR;
				CLANG_WARN_QUOTED_INCLUDE_IN_FRAMEWORK_HEADER = YES;
				CLANG_WARN_RANGE_LOOP_ANALYSIS = YES;
				CLANG_WARN_STRICT_PROTOTYPES = YES;
				CLANG_WARN_SUSPICIOUS_MOVE = YES;
				CLANG_WARN_UNGUARDED_AVAILABILITY = YES_AGGRESSIVE;
				CLANG_WARN_UNREACHABLE_CODE = YES;
				CLANG_WARN__DUPLICATE_METHOD_MATCH = YES;
				COPY_PHASE_STRIP = NO;
				DEBUG_INFORMATION_FORMAT = dwarf;
				ENABLE_STRICT_OBJC_MSGSEND = YES;
				ENABLE_TESTABILITY = YES;
				GCC_C_LANGUAGE_STANDARD = gnu11;
				GCC_DYNAMIC_NO_PIC = NO;
				GCC_NO_COMMON_BLOCKS = YES;
				GCC_OPTIMIZATION_LEVEL = 0;
				GCC_PREPROCESSOR_DEFINITIONS = (
					"DEBUG=1",
					"$(inherited)",
				);
				GCC_WARN_64_TO_32_BIT_CONVERSION = YES;
				GCC_WARN_ABOUT_RETURN_TYPE = YES_ERROR;
				GCC_WARN_UNDECLARED_SELECTOR = YES;
				GCC_WARN_UNINITIALIZED_AUTOS = YES_AGGRESSIVE;
				GCC_WARN_UNUSED_FUNCTION = YES;
				GCC_WARN_UNUSED_VARIABLE = YES;
				IPHONEOS_DEPLOYMENT_TARGET = 15.2;
				MTL_ENABLE_DEBUG_INFO = INCLUDE_SOURCE;
				MTL_FAST_MATH = YES;
				ONLY_ACTIVE_ARCH = YES;
				SDKROOT = iphoneos;
				SWIFT_ACTIVE_COMPILATION_CONDITIONS = DEBUG;
				SWIFT_OPTIMIZATION_LEVEL = "-Onone";
			};
			name = Debug;
		};
		F4CE8FF127B9359A007BCF37 /* Release */ = {
			isa = XCBuildConfiguration;
			buildSettings = {
				ALWAYS_SEARCH_USER_PATHS = NO;
				CLANG_ANALYZER_NONNULL = YES;
				CLANG_ANALYZER_NUMBER_OBJECT_CONVERSION = YES_AGGRESSIVE;
				CLANG_CXX_LANGUAGE_STANDARD = "gnu++17";
				CLANG_CXX_LIBRARY = "libc++";
				CLANG_ENABLE_MODULES = YES;
				CLANG_ENABLE_OBJC_ARC = YES;
				CLANG_ENABLE_OBJC_WEAK = YES;
				CLANG_WARN_BLOCK_CAPTURE_AUTORELEASING = YES;
				CLANG_WARN_BOOL_CONVERSION = YES;
				CLANG_WARN_COMMA = YES;
				CLANG_WARN_CONSTANT_CONVERSION = YES;
				CLANG_WARN_DEPRECATED_OBJC_IMPLEMENTATIONS = YES;
				CLANG_WARN_DIRECT_OBJC_ISA_USAGE = YES_ERROR;
				CLANG_WARN_DOCUMENTATION_COMMENTS = YES;
				CLANG_WARN_EMPTY_BODY = YES;
				CLANG_WARN_ENUM_CONVERSION = YES;
				CLANG_WARN_INFINITE_RECURSION = YES;
				CLANG_WARN_INT_CONVERSION = YES;
				CLANG_WARN_NON_LITERAL_NULL_CONVERSION = YES;
				CLANG_WARN_OBJC_IMPLICIT_RETAIN_SELF = YES;
				CLANG_WARN_OBJC_LITERAL_CONVERSION = YES;
				CLANG_WARN_OBJC_ROOT_CLASS = YES_ERROR;
				CLANG_WARN_QUOTED_INCLUDE_IN_FRAMEWORK_HEADER = YES;
				CLANG_WARN_RANGE_LOOP_ANALYSIS = YES;
				CLANG_WARN_STRICT_PROTOTYPES = YES;
				CLANG_WARN_SUSPICIOUS_MOVE = YES;
				CLANG_WARN_UNGUARDED_AVAILABILITY = YES_AGGRESSIVE;
				CLANG_WARN_UNREACHABLE_CODE = YES;
				CLANG_WARN__DUPLICATE_METHOD_MATCH = YES;
				COPY_PHASE_STRIP = NO;
				DEBUG_INFORMATION_FORMAT = "dwarf-with-dsym";
				ENABLE_NS_ASSERTIONS = NO;
				ENABLE_STRICT_OBJC_MSGSEND = YES;
				GCC_C_LANGUAGE_STANDARD = gnu11;
				GCC_NO_COMMON_BLOCKS = YES;
				GCC_WARN_64_TO_32_BIT_CONVERSION = YES;
				GCC_WARN_ABOUT_RETURN_TYPE = YES_ERROR;
				GCC_WARN_UNDECLARED_SELECTOR = YES;
				GCC_WARN_UNINITIALIZED_AUTOS = YES_AGGRESSIVE;
				GCC_WARN_UNUSED_FUNCTION = YES;
				GCC_WARN_UNUSED_VARIABLE = YES;
				IPHONEOS_DEPLOYMENT_TARGET = 15.2;
				MTL_ENABLE_DEBUG_INFO = NO;
				MTL_FAST_MATH = YES;
				SDKROOT = iphoneos;
				SWIFT_COMPILATION_MODE = wholemodule;
				SWIFT_OPTIMIZATION_LEVEL = "-O";
				VALIDATE_PRODUCT = YES;
			};
			name = Release;
		};
		F4CE8FF327B9359A007BCF37 /* Debug */ = {
			isa = XCBuildConfiguration;
			buildSettings = {
				ASSETCATALOG_COMPILER_APPICON_NAME = AppIcon;
				ASSETCATALOG_COMPILER_GLOBAL_ACCENT_COLOR_NAME = AccentColor;
				CODE_SIGN_STYLE = Automatic;
				CURRENT_PROJECT_VERSION = 1;
				DEVELOPMENT_ASSET_PATHS = "\"reqres_swiftui/Preview Content\"";
				ENABLE_PREVIEWS = YES;
				GENERATE_INFOPLIST_FILE = YES;
				INFOPLIST_KEY_UIApplicationSceneManifest_Generation = YES;
				INFOPLIST_KEY_UIApplicationSupportsIndirectInputEvents = YES;
				INFOPLIST_KEY_UILaunchScreen_Generation = YES;
				INFOPLIST_KEY_UISupportedInterfaceOrientations_iPad = "UIInterfaceOrientationPortrait UIInterfaceOrientationPortraitUpsideDown UIInterfaceOrientationLandscapeLeft UIInterfaceOrientationLandscapeRight";
				INFOPLIST_KEY_UISupportedInterfaceOrientations_iPhone = "UIInterfaceOrientationPortrait UIInterfaceOrientationLandscapeLeft UIInterfaceOrientationLandscapeRight";
				LD_RUNPATH_SEARCH_PATHS = (
					"$(inherited)",
					"@executable_path/Frameworks",
				);
				MARKETING_VERSION = 1.0;
				PRODUCT_BUNDLE_IDENTIFIER = "com.login.app.reqres-swiftui";
				PRODUCT_NAME = "$(TARGET_NAME)";
				SWIFT_EMIT_LOC_STRINGS = YES;
				SWIFT_VERSION = 5.0;
				TARGETED_DEVICE_FAMILY = "1,2";
			};
			name = Debug;
		};
		F4CE8FF427B9359A007BCF37 /* Release */ = {
			isa = XCBuildConfiguration;
			buildSettings = {
				ASSETCATALOG_COMPILER_APPICON_NAME = AppIcon;
				ASSETCATALOG_COMPILER_GLOBAL_ACCENT_COLOR_NAME = AccentColor;
				CODE_SIGN_STYLE = Automatic;
				CURRENT_PROJECT_VERSION = 1;
				DEVELOPMENT_ASSET_PATHS = "\"reqres_swiftui/Preview Content\"";
				ENABLE_PREVIEWS = YES;
				GENERATE_INFOPLIST_FILE = YES;
				INFOPLIST_KEY_UIApplicationSceneManifest_Generation = YES;
				INFOPLIST_KEY_UIApplicationSupportsIndirectInputEvents = YES;
				INFOPLIST_KEY_UILaunchScreen_Generation = YES;
				INFOPLIST_KEY_UISupportedInterfaceOrientations_iPad = "UIInterfaceOrientationPortrait UIInterfaceOrientationPortraitUpsideDown UIInterfaceOrientationLandscapeLeft UIInterfaceOrientationLandscapeRight";
				INFOPLIST_KEY_UISupportedInterfaceOrientations_iPhone = "UIInterfaceOrientationPortrait UIInterfaceOrientationLandscapeLeft UIInterfaceOrientationLandscapeRight";
				LD_RUNPATH_SEARCH_PATHS = (
					"$(inherited)",
					"@executable_path/Frameworks",
				);
				MARKETING_VERSION = 1.0;
				PRODUCT_BUNDLE_IDENTIFIER = "com.login.app.reqres-swiftui";
				PRODUCT_NAME = "$(TARGET_NAME)";
				SWIFT_EMIT_LOC_STRINGS = YES;
				SWIFT_VERSION = 5.0;
				TARGETED_DEVICE_FAMILY = "1,2";
			};
			name = Release;
		};
/* End XCBuildConfiguration section */

/* Begin XCConfigurationList section */
		F4CE8FDF27B93598007BCF37 /* Build configuration list for PBXProject "reqres_swiftui" */ = {
			isa = XCConfigurationList;
			buildConfigurations = (
				F4CE8FF027B9359A007BCF37 /* Debug */,
				F4CE8FF127B9359A007BCF37 /* Release */,
			);
			defaultConfigurationIsVisible = 0;
			defaultConfigurationName = Release;
		};
		F4CE8FF227B9359A007BCF37 /* Build configuration list for PBXNativeTarget "reqres_swiftui" */ = {
			isa = XCConfigurationList;
			buildConfigurations = (
				F4CE8FF327B9359A007BCF37 /* Debug */,
				F4CE8FF427B9359A007BCF37 /* Release */,
			);
			defaultConfigurationIsVisible = 0;
			defaultConfigurationName = Release;
		};
/* End XCConfigurationList section */
	};
	rootObject = F4CE8FDC27B93598007BCF37 /* Project object */;
}
